
Microsoft Visual Studio Solution File, Format Version 12.00
# Visual Studio Version 17
VisualStudioVersion = 17.13.35913.81
MinimumVisualStudioVersion = 10.0.40219.1
Project("{2150E333-8FDC-42A3-9474-1A3956D46DE8}") = "4_Tests", "4_Tests", "{02EA681E-C7D8-13C7-8484-4AC65E1B71E8}"
EndProject
Project("{2150E333-8FDC-42A3-9474-1A3956D46DE8}") = "3_Infra", "3_Infra", "{8B346DED-4E27-4004-9FC3-AA42988CDCD0}"
EndProject
Project("{2150E333-8FDC-42A3-9474-1A3956D46DE8}") = "2_Domain", "2_Domain", "{0C0C4BE1-A088-4BAC-AE51-C70634267B6E}"
EndProject
Project("{2150E333-8FDC-42A3-9474-1A3956D46DE8}") = "1_Presentation", "1_Presentation", "{EBBE3045-6726-4E56-A7DB-F8DDEBA96FDD}"
EndProject
Project("{FAE04EC0-301F-11D3-BF4B-00C04F79EFBC}") = "WebApi", "1_Presentation\WebApi.csproj", "{2BB6A09A-DB01-A0AE-F863-6CAE4DC5E661}"
EndProject
Project("{FAE04EC0-301F-11D3-BF4B-00C04F79EFBC}") = "Domain", "2_Domain\Domain\Domain.csproj", "{70A012A1-5C36-D2AC-8936-84E6DED4AE07}"
EndProject
Project("{FAE04EC0-301F-11D3-BF4B-00C04F79EFBC}") = "Shared", "2_Domain\Shared\Shared.csproj", "{66997B10-5CAB-441F-9A66-3A4FD81A023E}"
EndProject
Project("{FAE04EC0-301F-11D3-BF4B-00C04F79EFBC}") = "UnitTest.Project", "4_Tests\UnitTest.Project.csproj", "{BB5BAEEA-C9A1-6C8E-0173-CC8E0D36A900}"
EndProject
Project("{FAE04EC0-301F-11D3-BF4B-00C04F79EFBC}") = "Data", "3_Infra\Data.csproj", "{B7953BFD-D7F3-F493-AA19-B5C09FBC9587}"
EndProject
Global
	GlobalSection(SolutionConfigurationPlatforms) = preSolution
		Debug|Any CPU = Debug|Any CPU
		Release|Any CPU = Release|Any CPU
	EndGlobalSection
	GlobalSection(ProjectConfigurationPlatforms) = postSolution
		{2BB6A09A-DB01-A0AE-F863-6CAE4DC5E661}.Debug|Any CPU.ActiveCfg = Debug|Any CPU
		{2BB6A09A-DB01-A0AE-F863-6CAE4DC5E661}.Debug|Any CPU.Build.0 = Debug|Any CPU
		{2BB6A09A-DB01-A0AE-F863-6CAE4DC5E661}.Release|Any CPU.ActiveCfg = Release|Any CPU
		{2BB6A09A-DB01-A0AE-F863-6CAE4DC5E661}.Release|Any CPU.Build.0 = Release|Any CPU
		{70A012A1-5C36-D2AC-8936-84E6DED4AE07}.Debug|Any CPU.ActiveCfg = Debug|Any CPU
		{70A012A1-5C36-D2AC-8936-84E6DED4AE07}.Debug|Any CPU.Build.0 = Debug|Any CPU
		{70A012A1-5C36-D2AC-8936-84E6DED4AE07}.Release|Any CPU.ActiveCfg = Release|Any CPU
		{70A012A1-5C36-D2AC-8936-84E6DED4AE07}.Release|Any CPU.Build.0 = Release|Any CPU
		{66997B10-5CAB-441F-9A66-3A4FD81A023E}.Debug|Any CPU.ActiveCfg = Debug|Any CPU
		{66997B10-5CAB-441F-9A66-3A4FD81A023E}.Debug|Any CPU.Build.0 = Debug|Any CPU
		{66997B10-5CAB-441F-9A66-3A4FD81A023E}.Release|Any CPU.ActiveCfg = Release|Any CPU
		{66997B10-5CAB-441F-9A66-3A4FD81A023E}.Release|Any CPU.Build.0 = Release|Any CPU
		{BB5BAEEA-C9A1-6C8E-0173-CC8E0D36A900}.Debug|Any CPU.ActiveCfg = Debug|Any CPU
		{BB5BAEEA-C9A1-6C8E-0173-CC8E0D36A900}.Debug|Any CPU.Build.0 = Debug|Any CPU
		{BB5BAEEA-C9A1-6C8E-0173-CC8E0D36A900}.Release|Any CPU.ActiveCfg = Release|Any CPU
		{BB5BAEEA-C9A1-6C8E-0173-CC8E0D36A900}.Release|Any CPU.Build.0 = Release|Any CPU
		{B7953BFD-D7F3-F493-AA19-B5C09FBC9587}.Debug|Any CPU.ActiveCfg = Debug|Any CPU
		{B7953BFD-D7F3-F493-AA19-B5C09FBC9587}.Debug|Any CPU.Build.0 = Debug|Any CPU
		{B7953BFD-D7F3-F493-AA19-B5C09FBC9587}.Release|Any CPU.ActiveCfg = Release|Any CPU
		{B7953BFD-D7F3-F493-AA19-B5C09FBC9587}.Release|Any CPU.Build.0 = Release|Any CPU
	EndGlobalSection
	GlobalSection(SolutionProperties) = preSolution
		HideSolutionNode = FALSE
	EndGlobalSection
	GlobalSection(NestedProjects) = preSolution
		{2BB6A09A-DB01-A0AE-F863-6CAE4DC5E661} = {EBBE3045-6726-4E56-A7DB-F8DDEBA96FDD}
		{70A012A1-5C36-D2AC-8936-84E6DED4AE07} = {0C0C4BE1-A088-4BAC-AE51-C70634267B6E}
		{66997B10-5CAB-441F-9A66-3A4FD81A023E} = {0C0C4BE1-A088-4BAC-AE51-C70634267B6E}
		{BB5BAEEA-C9A1-6C8E-0173-CC8E0D36A900} = {02EA681E-C7D8-13C7-8484-4AC65E1B71E8}
		{B7953BFD-D7F3-F493-AA19-B5C09FBC9587} = {8B346DED-4E27-4004-9FC3-AA42988CDCD0}
	EndGlobalSection
	GlobalSection(ExtensibilityGlobals) = postSolution
		SolutionGuid = {00E74357-11B4-4956-98C3-5F78DAFF978F}
	EndGlobalSection
EndGlobal
